Microsoft Visual Studio Solution File, Format Version 12.00
# Visual Studio Version 17
VisualStudioVersion = 17.5.2.0
MinimumVisualStudioVersion = 10.0.40219.1
Project("{FAE04EC0-301F-11D3-BF4B-00C04F79EFBC}") = "ProgramC", "ProgramC.csproj", "{77294DB6-086D-E792-D0CE-100AD058C724}"
EndProject
Global
	GlobalSection(SolutionConfigurationPlatforms) = preSolution
		Debug|Any CPU = Debug|Any CPU
		Release|Any CPU = Release|Any CPU
	EndGlobalSection
	GlobalSection(ProjectConfigurationPlatforms) = postSolution
		{77294DB6-086D-E792-D0CE-100AD058C724}.Debug|Any CPU.ActiveCfg = Debug|Any CPU
		{77294DB6-086D-E792-D0CE-100AD058C724}.Debug|Any CPU.Build.0 = Debug|Any CPU
		{77294DB6-086D-E792-D0CE-100AD058C724}.Release|Any CPU.ActiveCfg = Release|Any CPU
		{77294DB6-086D-E792-D0CE-100AD058C724}.Release|Any CPU.Build.0 = Release|Any CPU
	EndGlobalSection
	GlobalSection(SolutionProperties) = preSolution
		HideSolutionNode = FALSE
	EndGlobalSection
	GlobalSection(ExtensibilityGlobals) = postSolution
		SolutionGuid = {B43DA304-1070-4BED-9DED-1451EDE14220}
	EndGlobalSection
EndGlobal
